
Microsoft Visual Studio Solution File, Format Version 12.00
# Visual Studio Version 16
VisualStudioVersion = 16.0.30907.101
MinimumVisualStudioVersion = 10.0.40219.1
Project("{FAE04EC0-301F-11D3-BF4B-00C04F79EFBC}") = "HelloWorldCrowder", "HelloWorldCrowder.csproj", "{C616E2DA-FB34-43D4-8431-629AC3047C20}"
EndProject
Global
	GlobalSection(SolutionConfigurationPlatforms) = preSolution
		Debug|Any CPU = Debug|Any CPU
		Release|Any CPU = Release|Any CPU
	EndGlobalSection
	GlobalSection(ProjectConfigurationPlatforms) = postSolution
		{C616E2DA-FB34-43D4-8431-629AC3047C20}.Debug|Any CPU.ActiveCfg = Debug|Any CPU
		{C616E2DA-FB34-43D4-8431-629AC3047C20}.Debug|Any CPU.Build.0 = Debug|Any CPU
		{C616E2DA-FB34-43D4-8431-629AC3047C20}.Release|Any CPU.ActiveCfg = Release|Any CPU
		{C616E2DA-FB34-43D4-8431-629AC3047C20}.Release|Any CPU.Build.0 = Release|Any CPU
	EndGlobalSection
	GlobalSection(SolutionProperties) = preSolution
		HideSolutionNode = FALSE
	EndGlobalSection
	GlobalSection(ExtensibilityGlobals) = postSolution
		SolutionGuid = {F19531E9-E7A8-4407-926C-159D45636870}
	EndGlobalSection
EndGlobal
